
Microsoft Visual Studio Solution File, Format Version 12.00
# Visual Studio Version 17
VisualStudioVersion = 17.8.34309.116
MinimumVisualStudioVersion = 10.0.40219.1
Project("{2150E333-8FDC-42A3-9474-1A3956D46DE8}") = "Functions", "Functions", "{77EF0D60-02A9-476A-876F-D757090ADC22}"
EndProject
Project("{2150E333-8FDC-42A3-9474-1A3956D46DE8}") = "Domain", "Domain", "{2EED2D66-94FE-4379-8128-A6DE264C7352}"
EndProject
Project("{2150E333-8FDC-42A3-9474-1A3956D46DE8}") = "Common", "Common", "{E5F6E6A8-4134-4645-985E-3B6FA335AE68}"
EndProject
Project("{9A19103F-16F7-4668-BE54-9A1E7A4F7556}") = "Company.Domain.Common", "Domain\Common\Company.Domain.Common.csproj", "{427E7C3B-8FFA-4127-845D-4484AFF8A150}"
EndProject
Project("{9A19103F-16F7-4668-BE54-9A1E7A4F7556}") = "Company.Functions", "Functions\Company.Functions.csproj", "{02A9DA12-0F1D-45D1-89D7-9DB647BB3C90}"
EndProject
Project("{2150E333-8FDC-42A3-9474-1A3956D46DE8}") = "Core", "Core", "{FD0DE001-251F-4BFD-98EF-4648ED771429}"
EndProject
Project("{2150E333-8FDC-42A3-9474-1A3956D46DE8}") = "Client", "Client", "{9F0D82FA-6F98-4173-9EC1-30F49E701E8E}"
EndProject
Project("{9A19103F-16F7-4668-BE54-9A1E7A4F7556}") = "Company.Core.Client", "Core\Client\Company.Core.Client.csproj", "{E12D08F8-4557-4800-A2A2-E9029CC6B91C}"
EndProject
Global
	GlobalSection(SolutionConfigurationPlatforms) = preSolution
		Debug|Any CPU = Debug|Any CPU
		Release|Any CPU = Release|Any CPU
	EndGlobalSection
	GlobalSection(ProjectConfigurationPlatforms) = postSolution
		{427E7C3B-8FFA-4127-845D-4484AFF8A150}.Debug|Any CPU.ActiveCfg = Debug|Any CPU
		{427E7C3B-8FFA-4127-845D-4484AFF8A150}.Debug|Any CPU.Build.0 = Debug|Any CPU
		{427E7C3B-8FFA-4127-845D-4484AFF8A150}.Release|Any CPU.ActiveCfg = Release|Any CPU
		{427E7C3B-8FFA-4127-845D-4484AFF8A150}.Release|Any CPU.Build.0 = Release|Any CPU
		{02A9DA12-0F1D-45D1-89D7-9DB647BB3C90}.Debug|Any CPU.ActiveCfg = Debug|Any CPU
		{02A9DA12-0F1D-45D1-89D7-9DB647BB3C90}.Debug|Any CPU.Build.0 = Debug|Any CPU
		{02A9DA12-0F1D-45D1-89D7-9DB647BB3C90}.Release|Any CPU.ActiveCfg = Release|Any CPU
		{02A9DA12-0F1D-45D1-89D7-9DB647BB3C90}.Release|Any CPU.Build.0 = Release|Any CPU
		{E12D08F8-4557-4800-A2A2-E9029CC6B91C}.Debug|Any CPU.ActiveCfg = Debug|Any CPU
		{E12D08F8-4557-4800-A2A2-E9029CC6B91C}.Debug|Any CPU.Build.0 = Debug|Any CPU
		{E12D08F8-4557-4800-A2A2-E9029CC6B91C}.Release|Any CPU.ActiveCfg = Release|Any CPU
		{E12D08F8-4557-4800-A2A2-E9029CC6B91C}.Release|Any CPU.Build.0 = Release|Any CPU
	EndGlobalSection
	GlobalSection(SolutionProperties) = preSolution
		HideSolutionNode = FALSE
	EndGlobalSection
	GlobalSection(NestedProjects) = preSolution
		{E5F6E6A8-4134-4645-985E-3B6FA335AE68} = {2EED2D66-94FE-4379-8128-A6DE264C7352}
		{427E7C3B-8FFA-4127-845D-4484AFF8A150} = {E5F6E6A8-4134-4645-985E-3B6FA335AE68}
		{02A9DA12-0F1D-45D1-89D7-9DB647BB3C90} = {77EF0D60-02A9-476A-876F-D757090ADC22}
		{9F0D82FA-6F98-4173-9EC1-30F49E701E8E} = {FD0DE001-251F-4BFD-98EF-4648ED771429}
		{E12D08F8-4557-4800-A2A2-E9029CC6B91C} = {9F0D82FA-6F98-4173-9EC1-30F49E701E8E}
	EndGlobalSection
	GlobalSection(ExtensibilityGlobals) = postSolution
		SolutionGuid = {F0927432-88C9-47F8-8614-A54D1E400EAD}
	EndGlobalSection
EndGlobal
